// !$*UTF8*$!
{
	archiveVersion = 1;
	classes = {
	};
	objectVersion = 46;
	objects = {

/* Begin PBXBuildFile section */
		7D1CA5471ADD8BBD002494F7 /* AppDelegate.swift in Sources */ = {isa = PBXBuildFile; fileRef = 7D1CA5461ADD8BBD002494F7 /* AppDelegate.swift */; };
		7D1CA5491ADD8BBD002494F7 /* ViewController.swift in Sources */ = {isa = PBXBuildFile; fileRef = 7D1CA5481ADD8BBD002494F7 /* ViewController.swift */; };
		7D1CA54C1ADD8BBD002494F7 /* Main.storyboard in Resources */ = {isa = PBXBuildFile; fileRef = 7D1CA54A1ADD8BBD002494F7 /* Main.storyboard */; };
		7D1CA54E1ADD8BBD002494F7 /* Images.xcassets in Resources */ = {isa = PBXBuildFile; fileRef = 7D1CA54D1ADD8BBD002494F7 /* Images.xcassets */; };
		7D1CA5511ADD8BBD002494F7 /* LaunchScreen.xib in Resources */ = {isa = PBXBuildFile; fileRef = 7D1CA54F1ADD8BBD002494F7 /* LaunchScreen.xib */; };
		7D1CA55D1ADD8BBD002494F7 /* Swift_Numbers_Only_TutorialTests.swift in Sources */ = {isa = PBXBuildFile; fileRef = 7D1CA55C1ADD8BBD002494F7 /* Swift_Numbers_Only_TutorialTests.swift */; };
/* End PBXBuildFile section */

/* Begin PBXContainerItemProxy section */
		7D1CA5571ADD8BBD002494F7 /* PBXContainerItemProxy */ = {
			isa = PBXContainerItemProxy;
			containerPortal = 7D1CA5391ADD8BBD002494F7 /* Project object */;
			proxyType = 1;
			remoteGlobalIDString = 7D1CA5401ADD8BBD002494F7;
			remoteInfo = "Swift-Numbers-Only-Tutorial";
		};
/* End PBXContainerItemProxy section */

/* Begin PBXFileReference section */
		7D1CA5411ADD8BBD002494F7 /* Swift-Numbers-Only-Tutorial.app */ = {isa = PBXFileReference; explicitFileType = wrapper.application; includeInIndex = 0; path = "Swift-Numbers-Only-Tutorial.app"; sourceTree = BUILT_PRODUCTS_DIR; };
		7D1CA5451ADD8BBD002494F7 /* Info.plist */ = {isa = PBXFileReference; lastKnownFileType = text.plist.xml; path = Info.plist; sourceTree = "<group>"; };
		7D1CA5461ADD8BBD002494F7 /* AppDelegate.swift */ = {isa = PBXFileReference; lastKnownFileType = sourcecode.swift; path = AppDelegate.swift; sourceTree = "<group>"; };
		7D1CA5481ADD8BBD002494F7 /* ViewController.swift */ = {isa = PBXFileReference; lastKnownFileType = sourcecode.swift; path = ViewController.swift; sourceTree = "<group>"; };
		7D1CA54B1ADD8BBD002494F7 /* Base */ = {isa = PBXFileReference; lastKnownFileType = file.storyboard; name = Base; path = Base.lproj/Main.storyboard; sourceTree = "<group>"; };
		7D1CA54D1ADD8BBD002494F7 /* Images.xcassets */ = {isa = PBXFileReference; lastKnownFileType = folder.assetcatalog; path = Images.xcassets; sourceTree = "<group>"; };
		7D1CA5501ADD8BBD002494F7 /* Base */ = {isa = PBXFileReference; lastKnownFileType = file.xib; name = Base; path = Base.lproj/LaunchScreen.xib; sourceTree = "<group>"; };
		7D1CA5561ADD8BBD002494F7 /* Swift-Numbers-Only-TutorialTests.xctest */ = {isa = PBXFileReference; explicitFileType = wrapper.cfbundle; includeInIndex = 0; path = "Swift-Numbers-Only-TutorialTests.xctest"; sourceTree = BUILT_PRODUCTS_DIR; };
		7D1CA55B1ADD8BBD002494F7 /* Info.plist */ = {isa = PBXFileReference; lastKnownFileType = text.plist.xml; path = Info.plist; sourceTree = "<group>"; };
		7D1CA55C1ADD8BBD002494F7 /* Swift_Numbers_Only_TutorialTests.swift */ = {isa = PBXFileReference; lastKnownFileType = sourcecode.swift; path = Swift_Numbers_Only_TutorialTests.swift; sourceTree = "<group>"; };
/* End PBXFileReference section */

/* Begin PBXFrameworksBuildPhase section */
		7D1CA53E1ADD8BBD002494F7 /* Frameworks */ = {
			isa = PBXFrameworksBuildPhase;
			buildActionMask = 2147483647;
			files = (
			);
			runOnlyForDeploymentPostprocessing = 0;
		};
		7D1CA5531ADD8BBD002494F7 /* Frameworks */ = {
			isa = PBXFrameworksBuildPhase;
			buildActionMask = 2147483647;
			files = (
			);
			runOnlyForDeploymentPostprocessing = 0;
		};
/* End PBXFrameworksBuildPhase section */

/* Begin PBXGroup section */
		7D1CA5381ADD8BBD002494F7 = {
			isa = PBXGroup;
			children = (
				7D1CA5431ADD8BBD002494F7 /* Swift-Numbers-Only-Tutorial */,
				7D1CA5591ADD8BBD002494F7 /* Swift-Numbers-Only-TutorialTests */,
				7D1CA5421ADD8BBD002494F7 /* Products */,
			);
			sourceTree = "<group>";
		};
		7D1CA5421ADD8BBD002494F7 /* Products */ = {
			isa = PBXGroup;
			children = (
				7D1CA5411ADD8BBD002494F7 /* Swift-Numbers-Only-Tutorial.app */,
				7D1CA5561ADD8BBD002494F7 /* Swift-Numbers-Only-TutorialTests.xctest */,
			);
			name = Products;
			sourceTree = "<group>";
		};
		7D1CA5431ADD8BBD002494F7 /* Swift-Numbers-Only-Tutorial */ = {
			isa = PBXGroup;
			children = (
				7D1CA5461ADD8BBD002494F7 /* AppDelegate.swift */,
				7D1CA5481ADD8BBD002494F7 /* ViewController.swift */,
				7D1CA54A1ADD8BBD002494F7 /* Main.storyboard */,
				7D1CA54D1ADD8BBD002494F7 /* Images.xcassets */,
				7D1CA54F1ADD8BBD002494F7 /* LaunchScreen.xib */,
				7D1CA5441ADD8BBD002494F7 /* Supporting Files */,
			);
			path = "Swift-Numbers-Only-Tutorial";
			sourceTree = "<group>";
		};
		7D1CA5441ADD8BBD002494F7 /* Supporting Files */ = {
			isa = PBXGroup;
			children = (
				7D1CA5451ADD8BBD002494F7 /* Info.plist */,
			);
			name = "Supporting Files";
			sourceTree = "<group>";
		};
		7D1CA5591ADD8BBD002494F7 /* Swift-Numbers-Only-TutorialTests */ = {
			isa = PBXGroup;
			children = (
				7D1CA55C1ADD8BBD002494F7 /* Swift_Numbers_Only_TutorialTests.swift */,
				7D1CA55A1ADD8BBD002494F7 /* Supporting Files */,
			);
			path = "Swift-Numbers-Only-TutorialTests";
			sourceTree = "<group>";
		};
		7D1CA55A1ADD8BBD002494F7 /* Supporting Files */ = {
			isa = PBXGroup;
			children = (
				7D1CA55B1ADD8BBD002494F7 /* Info.plist */,
			);
			name = "Supporting Files";
			sourceTree = "<group>";
		};
/* End PBXGroup section */

/* Begin PBXNativeTarget section */
		7D1CA5401ADD8BBD002494F7 /* Swift-Numbers-Only-Tutorial */ = {
			isa = PBXNativeTarget;
			buildConfigurationList = 7D1CA5601ADD8BBD002494F7 /* Build configuration list for PBXNativeTarget "Swift-Numbers-Only-Tutorial" */;
			buildPhases = (
				7D1CA53D1ADD8BBD002494F7 /* Sources */,
				7D1CA53E1ADD8BBD002494F7 /* Frameworks */,
				7D1CA53F1ADD8BBD002494F7 /* Resources */,
			);
			buildRules = (
			);
			dependencies = (
			);
			name = "Swift-Numbers-Only-Tutorial";
			productName = "Swift-Numbers-Only-Tutorial";
			productReference = 7D1CA5411ADD8BBD002494F7 /* Swift-Numbers-Only-Tutorial.app */;
			productType = "com.apple.product-type.application";
		};
		7D1CA5551ADD8BBD002494F7 /* Swift-Numbers-Only-TutorialTests */ = {
			isa = PBXNativeTarget;
			buildConfigurationList = 7D1CA5631ADD8BBD002494F7 /* Build configuration list for PBXNativeTarget "Swift-Numbers-Only-TutorialTests" */;
			buildPhases = (
				7D1CA5521ADD8BBD002494F7 /* Sources */,
				7D1CA5531ADD8BBD002494F7 /* Frameworks */,
				7D1CA5541ADD8BBD002494F7 /* Resources */,
			);
			buildRules = (
			);
			dependencies = (
				7D1CA5581ADD8BBD002494F7 /* PBXTargetDependency */,
			);
			name = "Swift-Numbers-Only-TutorialTests";
			productName = "Swift-Numbers-Only-TutorialTests";
			productReference = 7D1CA5561ADD8BBD002494F7 /* Swift-Numbers-Only-TutorialTests.xctest */;
			productType = "com.apple.product-type.bundle.unit-test";
		};
/* End PBXNativeTarget section */

/* Begin PBXProject section */
		7D1CA5391ADD8BBD002494F7 /* Project object */ = {
			isa = PBXProject;
			attributes = {
				LastUpgradeCheck = 0630;
				ORGANIZATIONNAME = "Rick Wilson";
				TargetAttributes = {
					7D1CA5401ADD8BBD002494F7 = {
						CreatedOnToolsVersion = 6.3;
					};
					7D1CA5551ADD8BBD002494F7 = {
						CreatedOnToolsVersion = 6.3;
						TestTargetID = 7D1CA5401ADD8BBD002494F7;
					};
				};
			};
			buildConfigurationList = 7D1CA53C1ADD8BBD002494F7 /* Build configuration list for PBXProject "Swift-Numbers-Only-Tutorial" */;
			compatibilityVersion = "Xcode 3.2";
			developmentRegion = English;
			hasScannedForEncodings = 0;
			knownRegions = (
				en,
				Base,
			);
			mainGroup = 7D1CA5381ADD8BBD002494F7;
			productRefGroup = 7D1CA5421ADD8BBD002494F7 /* Products */;
			projectDirPath = "";
			projectRoot = "";
			targets = (
				7D1CA5401ADD8BBD002494F7 /* Swift-Numbers-Only-Tutorial */,
				7D1CA5551ADD8BBD002494F7 /* Swift-Numbers-Only-TutorialTests */,
			);
		};
/* End PBXProject section */

/* Begin PBXResourcesBuildPhase section */
		7D1CA53F1ADD8BBD002494F7 /* Resources */ = {
			isa = PBXResourcesBuildPhase;
			buildActionMask = 2147483647;
			files = (
				7D1CA54C1ADD8BBD002494F7 /* Main.storyboard in Resources */,
				7D1CA5511ADD8BBD002494F7 /* LaunchScreen.xib in Resources */,
				7D1CA54E1ADD8BBD002494F7 /* Images.xcassets in Resources */,
			);
			runOnlyForDeploymentPostprocessing = 0;
		};
		7D1CA5541ADD8BBD002494F7 /* Resources */ = {
			isa = PBXResourcesBuildPhase;
			buildActionMask = 2147483647;
			files = (
			);
			runOnlyForDeploymentPostprocessing = 0;
		};
/* End PBXResourcesBuildPhase section */

/* Begin PBXSourcesBuildPhase section */
		7D1CA53D1ADD8BBD002494F7 /* Sources */ = {
			isa = PBXSourcesBuildPhase;
			buildActionMask = 2147483647;
			files = (
				7D1CA5491ADD8BBD002494F7 /* ViewController.swift in Sources */,
				7D1CA5471ADD8BBD002494F7 /* AppDelegate.swift in Sources */,
			);
			runOnlyForDeploymentPostprocessing = 0;
		};
		7D1CA5521ADD8BBD002494F7 /* Sources */ = {
			isa = PBXSourcesBuildPhase;
			buildActionMask = 2147483647;
			files = (
				7D1CA55D1ADD8BBD002494F7 /* Swift_Numbers_Only_TutorialTests.swift in Sources */,
			);
			runOnlyForDeploymentPostprocessing = 0;
		};
/* End PBXSourcesBuildPhase section */

/* Begin PBXTargetDependency section */
		7D1CA5581ADD8BBD002494F7 /* PBXTargetDependency */ = {
			isa = PBXTargetDependency;
			target = 7D1CA5401ADD8BBD002494F7 /* Swift-Numbers-Only-Tutorial */;
			targetProxy = 7D1CA5571ADD8BBD002494F7 /* PBXContainerItemProxy */;
		};
/* End PBXTargetDependency section */

/* Begin PBXVariantGroup section */
		7D1CA54A1ADD8BBD002494F7 /* Main.storyboard */ = {
			isa = PBXVariantGroup;
			children = (
				7D1CA54B1ADD8BBD002494F7 /* Base */,
			);
			name = Main.storyboard;
			sourceTree = "<group>";
		};
		7D1CA54F1ADD8BBD002494F7 /* LaunchScreen.xib */ = {
			isa = PBXVariantGroup;
			children = (
				7D1CA5501ADD8BBD002494F7 /* Base */,
			);
			name = LaunchScreen.xib;
			sourceTree = "<group>";
		};
/* End PBXVariantGroup section */

/* Begin XCBuildConfiguration section */
		7D1CA55E1ADD8BBD002494F7 /* Debug */ = {
			isa = XCBuildConfiguration;
			buildSettings = {
				ALWAYS_SEARCH_USER_PATHS = NO;
				CLANG_CXX_LANGUAGE_STANDARD = "gnu++0x";
				CLANG_CXX_LIBRARY = "libc++";
				CLANG_ENABLE_MODULES = YES;
				CLANG_ENABLE_OBJC_ARC = YES;
				CLANG_WARN_BOOL_CONVERSION = YES;
				CLANG_WARN_CONSTANT_CONVERSION = YES;
				CLANG_WARN_DIRECT_OBJC_ISA_USAGE = YES_ERROR;
				CLANG_WARN_EMPTY_BODY = YES;
				CLANG_WARN_ENUM_CONVERSION = YES;
				CLANG_WARN_INT_CONVERSION = YES;
				CLANG_WARN_OBJC_ROOT_CLASS = YES_ERROR;
				CLANG_WARN_UNREACHABLE_CODE = YES;
				CLANG_WARN__DUPLICATE_METHOD_MATCH = YES;
				"CODE_SIGN_IDENTITY[sdk=iphoneos*]" = "iPhone Developer";
				COPY_PHASE_STRIP = NO;
				DEBUG_INFORMATION_FORMAT = "dwarf-with-dsym";
				ENABLE_STRICT_OBJC_MSGSEND = YES;
				GCC_C_LANGUAGE_STANDARD = gnu99;
				GCC_DYNAMIC_NO_PIC = NO;
				GCC_NO_COMMON_BLOCKS = YES;
				GCC_OPTIMIZATION_LEVEL = 0;
				GCC_PREPROCESSOR_DEFINITIONS = (
					"DEBUG=1",
					"$(inherited)",
				);
				GCC_SYMBOLS_PRIVATE_EXTERN = NO;
				GCC_WARN_64_TO_32_BIT_CONVERSION = YES;
				GCC_WARN_ABOUT_RETURN_TYPE = YES_ERROR;
				GCC_WARN_UNDECLARED_SELECTOR = YES;
				GCC_WARN_UNINITIALIZED_AUTOS = YES_AGGRESSIVE;
				GCC_WARN_UNUSED_FUNCTION = YES;
				GCC_WARN_UNUSED_VARIABLE = YES;
				IPHONEOS_DEPLOYMENT_TARGET = 8.3;
				MTL_ENABLE_DEBUG_INFO = YES;
				ONLY_ACTIVE_ARCH = YES;
				SDKROOT = iphoneos;
				SWIFT_OPTIMIZATION_LEVEL = "-Onone";
				TARGETED_DEVICE_FAMILY = "1,2";
			};
			name = Debug;
		};
		7D1CA55F1ADD8BBD002494F7 /* Release */ = {
			isa = XCBuildConfiguration;
			buildSettings = {
				ALWAYS_SEARCH_USER_PATHS = NO;
				CLANG_CXX_LANGUAGE_STANDARD = "gnu++0x";
				CLANG_CXX_LIBRARY = "libc++";
				CLANG_ENABLE_MODULES = YES;
				CLANG_ENABLE_OBJC_ARC = YES;
				CLANG_WARN_BOOL_CONVERSION = YES;
				CLANG_WARN_CONSTANT_CONVERSION = YES;
				CLANG_WARN_DIRECT_OBJC_ISA_USAGE = YES_ERROR;
				CLANG_WARN_EMPTY_BODY = YES;
				CLANG_WARN_ENUM_CONVERSION = YES;
				CLANG_WARN_INT_CONVERSION = YES;
				CLANG_WARN_OBJC_ROOT_CLASS = YES_ERROR;
				CLANG_WARN_UNREACHABLE_CODE = YES;
				CLANG_WARN__DUPLICATE_METHOD_MATCH = YES;
				"CODE_SIGN_IDENTITY[sdk=iphoneos*]" = "iPhone Developer";
				COPY_PHASE_STRIP = NO;
				DEBUG_INFORMATION_FORMAT = "dwarf-with-dsym";
				ENABLE_NS_ASSERTIONS = NO;
				ENABLE_STRICT_OBJC_MSGSEND = YES;
				GCC_C_LANGUAGE_STANDARD = gnu99;
				GCC_NO_COMMON_BLOCKS = YES;
				GCC_WARN_64_TO_32_BIT_CONVERSION = YES;
				GCC_WARN_ABOUT_RETURN_TYPE = YES_ERROR;
				GCC_WARN_UNDECLARED_SELECTOR = YES;
				GCC_WARN_UNINITIALIZED_AUTOS = YES_AGGRESSIVE;
				GCC_WARN_UNUSED_FUNCTION = YES;
				GCC_WARN_UNUSED_VARIABLE = YES;
				IPHONEOS_DEPLOYMENT_TARGET = 8.3;
				MTL_ENABLE_DEBUG_INFO = NO;
				SDKROOT = iphoneos;
				TARGETED_DEVICE_FAMILY = "1,2";
				VALIDATE_PRODUCT = YES;
			};
			name = Release;
		};
		7D1CA5611ADD8BBD002494F7 /* Debug */ = {
			isa = XCBuildConfiguration;
			buildSettings = {
				ASSETCATALOG_COMPILER_APPICON_NAME = AppIcon;
				INFOPLIST_FILE = "Swift-Numbers-Only-Tutorial/Info.plist";
				LD_RUNPATH_SEARCH_PATHS = "$(inherited) @executable_path/Frameworks";
				PRODUCT_NAME = "$(TARGET_NAME)";
			};
			name = Debug;
		};
		7D1CA5621ADD8BBD002494F7 /* Release */ = {
			isa = XCBuildConfiguration;
			buildSettings = {
				ASSETCATALOG_COMPILER_APPICON_NAME = AppIcon;
				INFOPLIST_FILE = "Swift-Numbers-Only-Tutorial/Info.plist";
				LD_RUNPATH_SEARCH_PATHS = "$(inherited) @executable_path/Frameworks";
				PRODUCT_NAME = "$(TARGET_NAME)";
			};
			name = Release;
		};
		7D1CA5641ADD8BBD002494F7 /* Debug */ = {
			isa = XCBuildConfiguration;
			buildSettings = {
				BUNDLE_LOADER = "$(TEST_HOST)";
				FRAMEWORK_SEARCH_PATHS = (
					"$(SDKROOT)/Developer/Library/Frameworks",
					"$(inherited)",
				);
				GCC_PREPROCESSOR_DEFINITIONS = (
					"DEBUG=1",
					"$(inherited)",
				);
				INFOPLIST_FILE = "Swift-Numbers-Only-TutorialTests/Info.plist";
				LD_RUNPATH_SEARCH_PATHS = "$(inherited) @executable_path/Frameworks @loader_path/Frameworks";
				PRODUCT_NAME = "$(TARGET_NAME)";
				TEST_HOST = "$(BUILT_PRODUCTS_DIR)/Swift-Numbers-Only-Tutorial.app/Swift-Numbers-Only-Tutorial";
			};
			name = Debug;
		};
		7D1CA5651ADD8BBD002494F7 /* Release */ = {
			isa = XCBuildConfiguration;
			buildSettings = {
				BUNDLE_LOADER = "$(TEST_HOST)";
				FRAMEWORK_SEARCH_PATHS = (
					"$(SDKROOT)/Developer/Library/Frameworks",
					"$(inherited)",
				);
				INFOPLIST_FILE = "Swift-Numbers-Only-TutorialTests/Info.plist";
				LD_RUNPATH_SEARCH_PATHS = "$(inherited) @executable_path/Frameworks @loader_path/Frameworks";
				PRODUCT_NAME = "$(TARGET_NAME)";
				TEST_HOST = "$(BUILT_PRODUCTS_DIR)/Swift-Numbers-Only-Tutorial.app/Swift-Numbers-Only-Tutorial";
			};
			name = Release;
		};
/* End XCBuildConfiguration section */

/* Begin XCConfigurationList section */
		7D1CA53C1ADD8BBD002494F7 /* Build configuration list for PBXProject "Swift-Numbers-Only-Tutorial" */ = {
			isa = XCConfigurationList;
			buildConfigurations = (
				7D1CA55E1ADD8BBD002494F7 /* Debug */,
				7D1CA55F1ADD8BBD002494F7 /* Release */,
			);
			defaultConfigurationIsVisible = 0;
			defaultConfigurationName = Release;
		};
		7D1CA5601ADD8BBD002494F7 /* Build configuration list for PBXNativeTarget "Swift-Numbers-Only-Tutorial" */ = {
			isa = XCConfigurationList;
			buildConfigurations = (
				7D1CA5611ADD8BBD002494F7 /* Debug */,
				7D1CA5621ADD8BBD002494F7 /* Release */,
			);
			defaultConfigurationIsVisible = 0;
		};
		7D1CA5631ADD8BBD002494F7 /* Build configuration list for PBXNativeTarget "Swift-Numbers-Only-TutorialTests" */ = {
			isa = XCConfigurationList;
			buildConfigurations = (
				7D1CA5641ADD8BBD002494F7 /* Debug */,
				7D1CA5651ADD8BBD002494F7 /* Release */,
			);
			defaultConfigurationIsVisible = 0;
		};
/* End XCConfigurationList section */
	};
	rootObject = 7D1CA5391ADD8BBD002494F7 /* Project object */;
}
